Microsoft Visual Studio Solution File, Format Version 12.00
# Visual Studio Version 17
VisualStudioVersion = 17.5.2.0
MinimumVisualStudioVersion = 10.0.40219.1
Project("{FAE04EC0-301F-11D3-BF4B-00C04F79EFBC}") = "UserPermissionSystem", "UserPermissionSystem\UserPermissionSystem.csproj", "{BB980292-57B1-E0D7-902F-64607C1969D7}"
EndProject
Global
	GlobalSection(SolutionConfigurationPlatforms) = preSolution
		Debug|Any CPU = Debug|Any CPU
		Release|Any CPU = Release|Any CPU
	EndGlobalSection
	GlobalSection(ProjectConfigurationPlatforms) = postSolution
		{BB980292-57B1-E0D7-902F-64607C1969D7}.Debug|Any CPU.ActiveCfg = Debug|Any CPU
		{BB980292-57B1-E0D7-902F-64607C1969D7}.Debug|Any CPU.Build.0 = Debug|Any CPU
		{BB980292-57B1-E0D7-902F-64607C1969D7}.Release|Any CPU.ActiveCfg = Release|Any CPU
		{BB980292-57B1-E0D7-902F-64607C1969D7}.Release|Any CPU.Build.0 = Release|Any CPU
	EndGlobalSection
	GlobalSection(SolutionProperties) = preSolution
		HideSolutionNode = FALSE
	EndGlobalSection
	GlobalSection(ExtensibilityGlobals) = postSolution
		SolutionGuid = {CD8EBB55-21BE-4FAF-A738-B99D0F7B44BF}
	EndGlobalSection
EndGlobal
